// !$*UTF8*$!
{
	archiveVersion = 1;
	classes = {
	};
	objectVersion = 46;
	objects = {

/* Begin PBXBuildFile section */
		1AB1B1D51FFADF7500A7100F /* AppDelegate.swift in Sources */ = {isa = PBXBuildFile; fileRef = 1AB1B1D41FFADF7500A7100F /* AppDelegate.swift */; };
		1AB1B1D71FFADF7600A7100F /* ViewController.swift in Sources */ = {isa = PBXBuildFile; fileRef = 1AB1B1D61FFADF7600A7100F /* ViewController.swift */; };
		1AB1B1DA1FFADF7600A7100F /* Main.storyboard in Resources */ = {isa = PBXBuildFile; fileRef = 1AB1B1D81FFADF7600A7100F /* Main.storyboard */; };
		1AB1B1DC1FFADF7600A7100F /* Assets.xcassets in Resources */ = {isa = PBXBuildFile; fileRef = 1AB1B1DB1FFADF7600A7100F /* Assets.xcassets */; };
		1AB1B1DF1FFADF7600A7100F /* LaunchScreen.storyboard in Resources */ = {isa = PBXBuildFile; fileRef = 1AB1B1DD1FFADF7600A7100F /* LaunchScreen.storyboard */; };
		1AB1B1EA1FFADF7600A7100F /* Menu_BarsTests.swift in Sources */ = {isa = PBXBuildFile; fileRef = 1AB1B1E91FFADF7600A7100F /* Menu_BarsTests.swift */; };
		1AB1B1F51FFADF7600A7100F /* Menu_BarsUITests.swift in Sources */ = {isa = PBXBuildFile; fileRef = 1AB1B1F41FFADF7600A7100F /* Menu_BarsUITests.swift */; };
/* End PBXBuildFile section */

/* Begin PBXContainerItemProxy section */
		1AB1B1E61FFADF7600A7100F /* PBXContainerItemProxy */ = {
			isa = PBXContainerItemProxy;
			containerPortal = 1AB1B1C91FFADF7500A7100F /* Project object */;
			proxyType = 1;
			remoteGlobalIDString = 1AB1B1D01FFADF7500A7100F;
			remoteInfo = "Menu Bars";
		};
		1AB1B1F11FFADF7600A7100F /* PBXContainerItemProxy */ = {
			isa = PBXContainerItemProxy;
			containerPortal = 1AB1B1C91FFADF7500A7100F /* Project object */;
			proxyType = 1;
			remoteGlobalIDString = 1AB1B1D01FFADF7500A7100F;
			remoteInfo = "Menu Bars";
		};
/* End PBXContainerItemProxy section */

/* Begin PBXFileReference section */
		1AB1B1D11FFADF7500A7100F /* Menu Bars.app */ = {isa = PBXFileReference; explicitFileType = wrapper.application; includeInIndex = 0; path = "Menu Bars.app"; sourceTree = BUILT_PRODUCTS_DIR; };
		1AB1B1D41FFADF7500A7100F /* AppDelegate.swift */ = {isa = PBXFileReference; lastKnownFileType = sourcecode.swift; path = AppDelegate.swift; sourceTree = "<group>"; };
		1AB1B1D61FFADF7600A7100F /* ViewController.swift */ = {isa = PBXFileReference; lastKnownFileType = sourcecode.swift; path = ViewController.swift; sourceTree = "<group>"; };
		1AB1B1D91FFADF7600A7100F /* Base */ = {isa = PBXFileReference; lastKnownFileType = file.storyboard; name = Base; path = Base.lproj/Main.storyboard; sourceTree = "<group>"; };
		1AB1B1DB1FFADF7600A7100F /* Assets.xcassets */ = {isa = PBXFileReference; lastKnownFileType = folder.assetcatalog; path = Assets.xcassets; sourceTree = "<group>"; };
		1AB1B1DE1FFADF7600A7100F /* Base */ = {isa = PBXFileReference; lastKnownFileType = file.storyboard; name = Base; path = Base.lproj/LaunchScreen.storyboard; sourceTree = "<group>"; };
		1AB1B1E01FFADF7600A7100F /* Info.plist */ = {isa = PBXFileReference; lastKnownFileType = text.plist.xml; path = Info.plist; sourceTree = "<group>"; };
		1AB1B1E51FFADF7600A7100F /* Menu BarsTests.xctest */ = {isa = PBXFileReference; explicitFileType = wrapper.cfbundle; includeInIndex = 0; path = "Menu BarsTests.xctest"; sourceTree = BUILT_PRODUCTS_DIR; };
		1AB1B1E91FFADF7600A7100F /* Menu_BarsTests.swift */ = {isa = PBXFileReference; lastKnownFileType = sourcecode.swift; path = Menu_BarsTests.swift; sourceTree = "<group>"; };
		1AB1B1EB1FFADF7600A7100F /* Info.plist */ = {isa = PBXFileReference; lastKnownFileType = text.plist.xml; path = Info.plist; sourceTree = "<group>"; };
		1AB1B1F01FFADF7600A7100F /* Menu BarsUITests.xctest */ = {isa = PBXFileReference; explicitFileType = wrapper.cfbundle; includeInIndex = 0; path = "Menu BarsUITests.xctest"; sourceTree = BUILT_PRODUCTS_DIR; };
		1AB1B1F41FFADF7600A7100F /* Menu_BarsUITests.swift */ = {isa = PBXFileReference; lastKnownFileType = sourcecode.swift; path = Menu_BarsUITests.swift; sourceTree = "<group>"; };
		1AB1B1F61FFADF7600A7100F /* Info.plist */ = {isa = PBXFileReference; lastKnownFileType = text.plist.xml; path = Info.plist; sourceTree = "<group>"; };
/* End PBXFileReference section */

/* Begin PBXFrameworksBuildPhase section */
		1AB1B1CE1FFADF7500A7100F /* Frameworks */ = {
			isa = PBXFrameworksBuildPhase;
			buildActionMask = 2147483647;
			files = (
			);
			runOnlyForDeploymentPostprocessing = 0;
		};
		1AB1B1E21FFADF7600A7100F /* Frameworks */ = {
			isa = PBXFrameworksBuildPhase;
			buildActionMask = 2147483647;
			files = (
			);
			runOnlyForDeploymentPostprocessing = 0;
		};
		1AB1B1ED1FFADF7600A7100F /* Frameworks */ = {
			isa = PBXFrameworksBuildPhase;
			buildActionMask = 2147483647;
			files = (
			);
			runOnlyForDeploymentPostprocessing = 0;
		};
/* End PBXFrameworksBuildPhase section */

/* Begin PBXGroup section */
		1AB1B1C81FFADF7500A7100F = {
			isa = PBXGroup;
			children = (
				1AB1B1D31FFADF7500A7100F /* Menu Bars */,
				1AB1B1E81FFADF7600A7100F /* Menu BarsTests */,
				1AB1B1F31FFADF7600A7100F /* Menu BarsUITests */,
				1AB1B1D21FFADF7500A7100F /* Products */,
			);
			sourceTree = "<group>";
		};
		1AB1B1D21FFADF7500A7100F /* Products */ = {
			isa = PBXGroup;
			children = (
				1AB1B1D11FFADF7500A7100F /* Menu Bars.app */,
				1AB1B1E51FFADF7600A7100F /* Menu BarsTests.xctest */,
				1AB1B1F01FFADF7600A7100F /* Menu BarsUITests.xctest */,
			);
			name = Products;
			sourceTree = "<group>";
		};
		1AB1B1D31FFADF7500A7100F /* Menu Bars */ = {
			isa = PBXGroup;
			children = (
				1AB1B1D41FFADF7500A7100F /* AppDelegate.swift */,
				1AB1B1D61FFADF7600A7100F /* ViewController.swift */,
				1AB1B1D81FFADF7600A7100F /* Main.storyboard */,
				1AB1B1DB1FFADF7600A7100F /* Assets.xcassets */,
				1AB1B1DD1FFADF7600A7100F /* LaunchScreen.storyboard */,
				1AB1B1E01FFADF7600A7100F /* Info.plist */,
			);
			path = "Menu Bars";
			sourceTree = "<group>";
		};
		1AB1B1E81FFADF7600A7100F /* Menu BarsTests */ = {
			isa = PBXGroup;
			children = (
				1AB1B1E91FFADF7600A7100F /* Menu_BarsTests.swift */,
				1AB1B1EB1FFADF7600A7100F /* Info.plist */,
			);
			path = "Menu BarsTests";
			sourceTree = "<group>";
		};
		1AB1B1F31FFADF7600A7100F /* Menu BarsUITests */ = {
			isa = PBXGroup;
			children = (
				1AB1B1F41FFADF7600A7100F /* Menu_BarsUITests.swift */,
				1AB1B1F61FFADF7600A7100F /* Info.plist */,
			);
			path = "Menu BarsUITests";
			sourceTree = "<group>";
		};
/* End PBXGroup section */

/* Begin PBXNativeTarget section */
		1AB1B1D01FFADF7500A7100F /* Menu Bars */ = {
			isa = PBXNativeTarget;
			buildConfigurationList = 1AB1B1F91FFADF7600A7100F /* Build configuration list for PBXNativeTarget "Menu Bars" */;
			buildPhases = (
				1AB1B1CD1FFADF7500A7100F /* Sources */,
				1AB1B1CE1FFADF7500A7100F /* Frameworks */,
				1AB1B1CF1FFADF7500A7100F /* Resources */,
			);
			buildRules = (
			);
			dependencies = (
			);
			name = "Menu Bars";
			productName = "Menu Bars";
			productReference = 1AB1B1D11FFADF7500A7100F /* Menu Bars.app */;
			productType = "com.apple.product-type.application";
		};
		1AB1B1E41FFADF7600A7100F /* Menu BarsTests */ = {
			isa = PBXNativeTarget;
			buildConfigurationList = 1AB1B1FC1FFADF7600A7100F /* Build configuration list for PBXNativeTarget "Menu BarsTests" */;
			buildPhases = (
				1AB1B1E11FFADF7600A7100F /* Sources */,
				1AB1B1E21FFADF7600A7100F /* Frameworks */,
				1AB1B1E31FFADF7600A7100F /* Resources */,
			);
			buildRules = (
			);
			dependencies = (
				1AB1B1E71FFADF7600A7100F /* PBXTargetDependency */,
			);
			name = "Menu BarsTests";
			productName = "Menu BarsTests";
			productReference = 1AB1B1E51FFADF7600A7100F /* Menu BarsTests.xctest */;
			productType = "com.apple.product-type.bundle.unit-test";
		};
		1AB1B1EF1FFADF7600A7100F /* Menu BarsUITests */ = {
			isa = PBXNativeTarget;
			buildConfigurationList = 1AB1B1FF1FFADF7600A7100F /* Build configuration list for PBXNativeTarget "Menu BarsUITests" */;
			buildPhases = (
				1AB1B1EC1FFADF7600A7100F /* Sources */,
				1AB1B1ED1FFADF7600A7100F /* Frameworks */,
				1AB1B1EE1FFADF7600A7100F /* Resources */,
			);
			buildRules = (
			);
			dependencies = (
				1AB1B1F21FFADF7600A7100F /* PBXTargetDependency */,
			);
			name = "Menu BarsUITests";
			productName = "Menu BarsUITests";
			productReference = 1AB1B1F01FFADF7600A7100F /* Menu BarsUITests.xctest */;
			productType = "com.apple.product-type.bundle.ui-testing";
		};
/* End PBXNativeTarget section */

/* Begin PBXProject section */
		1AB1B1C91FFADF7500A7100F /* Project object */ = {
			isa = PBXProject;
			attributes = {
				LastSwiftUpdateCheck = 0830;
				LastUpgradeCheck = 0830;
				ORGANIZATIONNAME = "Chengjie Lin";
				TargetAttributes = {
					1AB1B1D01FFADF7500A7100F = {
						CreatedOnToolsVersion = 8.3.3;
						ProvisioningStyle = Automatic;
					};
					1AB1B1E41FFADF7600A7100F = {
						CreatedOnToolsVersion = 8.3.3;
						ProvisioningStyle = Automatic;
						TestTargetID = 1AB1B1D01FFADF7500A7100F;
					};
					1AB1B1EF1FFADF7600A7100F = {
						CreatedOnToolsVersion = 8.3.3;
						ProvisioningStyle = Automatic;
						TestTargetID = 1AB1B1D01FFADF7500A7100F;
					};
				};
			};
			buildConfigurationList = 1AB1B1CC1FFADF7500A7100F /* Build configuration list for PBXProject "Menu Bars" */;
			compatibilityVersion = "Xcode 3.2";
			developmentRegion = English;
			hasScannedForEncodings = 0;
			knownRegions = (
				en,
				Base,
			);
			mainGroup = 1AB1B1C81FFADF7500A7100F;
			productRefGroup = 1AB1B1D21FFADF7500A7100F /* Products */;
			projectDirPath = "";
			projectRoot = "";
			targets = (
				1AB1B1D01FFADF7500A7100F /* Menu Bars */,
				1AB1B1E41FFADF7600A7100F /* Menu BarsTests */,
				1AB1B1EF1FFADF7600A7100F /* Menu BarsUITests */,
			);
		};
/* End PBXProject section */

/* Begin PBXResourcesBuildPhase section */
		1AB1B1CF1FFADF7500A7100F /* Resources */ = {
			isa = PBXResourcesBuildPhase;
			buildActionMask = 2147483647;
			files = (
				1AB1B1DF1FFADF7600A7100F /* LaunchScreen.storyboard in Resources */,
				1AB1B1DC1FFADF7600A7100F /* Assets.xcassets in Resources */,
				1AB1B1DA1FFADF7600A7100F /* Main.storyboard in Resources */,
			);
			runOnlyForDeploymentPostprocessing = 0;
		};
		1AB1B1E31FFADF7600A7100F /* Resources */ = {
			isa = PBXResourcesBuildPhase;
			buildActionMask = 2147483647;
			files = (
			);
			runOnlyForDeploymentPostprocessing = 0;
		};
		1AB1B1EE1FFADF7600A7100F /* Resources */ = {
			isa = PBXResourcesBuildPhase;
			buildActionMask = 2147483647;
			files = (
			);
			runOnlyForDeploymentPostprocessing = 0;
		};
/* End PBXResourcesBuildPhase section */

/* Begin PBXSourcesBuildPhase section */
		1AB1B1CD1FFADF7500A7100F /* Sources */ = {
			isa = PBXSourcesBuildPhase;
			buildActionMask = 2147483647;
			files = (
				1AB1B1D71FFADF7600A7100F /* ViewController.swift in Sources */,
				1AB1B1D51FFADF7500A7100F /* AppDelegate.swift in Sources */,
			);
			runOnlyForDeploymentPostprocessing = 0;
		};
		1AB1B1E11FFADF7600A7100F /* Sources */ = {
			isa = PBXSourcesBuildPhase;
			buildActionMask = 2147483647;
			files = (
				1AB1B1EA1FFADF7600A7100F /* Menu_BarsTests.swift in Sources */,
			);
			runOnlyForDeploymentPostprocessing = 0;
		};
		1AB1B1EC1FFADF7600A7100F /* Sources */ = {
			isa = PBXSourcesBuildPhase;
			buildActionMask = 2147483647;
			files = (
				1AB1B1F51FFADF7600A7100F /* Menu_BarsUITests.swift in Sources */,
			);
			runOnlyForDeploymentPostprocessing = 0;
		};
/* End PBXSourcesBuildPhase section */

/* Begin PBXTargetDependency section */
		1AB1B1E71FFADF7600A7100F /* PBXTargetDependency */ = {
			isa = PBXTargetDependency;
			target = 1AB1B1D01FFADF7500A7100F /* Menu Bars */;
			targetProxy = 1AB1B1E61FFADF7600A7100F /* PBXContainerItemProxy */;
		};
		1AB1B1F21FFADF7600A7100F /* PBXTargetDependency */ = {
			isa = PBXTargetDependency;
			target = 1AB1B1D01FFADF7500A7100F /* Menu Bars */;
			targetProxy = 1AB1B1F11FFADF7600A7100F /* PBXContainerItemProxy */;
		};
/* End PBXTargetDependency section */

/* Begin PBXVariantGroup section */
		1AB1B1D81FFADF7600A7100F /* Main.storyboard */ = {
			isa = PBXVariantGroup;
			children = (
				1AB1B1D91FFADF7600A7100F /* Base */,
			);
			name = Main.storyboard;
			sourceTree = "<group>";
		};
		1AB1B1DD1FFADF7600A7100F /* LaunchScreen.storyboard */ = {
			isa = PBXVariantGroup;
			children = (
				1AB1B1DE1FFADF7600A7100F /* Base */,
			);
			name = LaunchScreen.storyboard;
			sourceTree = "<group>";
		};
/* End PBXVariantGroup section */

/* Begin XCBuildConfiguration section */
		1AB1B1F71FFADF7600A7100F /* Debug */ = {
			isa = XCBuildConfiguration;
			buildSettings = {
				ALWAYS_SEARCH_USER_PATHS = NO;
				CLANG_ANALYZER_NONNULL = YES;
				CLANG_ANALYZER_NUMBER_OBJECT_CONVERSION = YES_AGGRESSIVE;
				CLANG_CXX_LANGUAGE_STANDARD = "gnu++0x";
				CLANG_CXX_LIBRARY = "libc++";
				CLANG_ENABLE_MODULES = YES;
				CLANG_ENABLE_OBJC_ARC = YES;
				CLANG_WARN_BOOL_CONVERSION = YES;
				CLANG_WARN_CONSTANT_CONVERSION = YES;
				CLANG_WARN_DIRECT_OBJC_ISA_USAGE = YES_ERROR;
				CLANG_WARN_DOCUMENTATION_COMMENTS = YES;
				CLANG_WARN_EMPTY_BODY = YES;
				CLANG_WARN_ENUM_CONVERSION = YES;
				CLANG_WARN_INFINITE_RECURSION = YES;
				CLANG_WARN_INT_CONVERSION = YES;
				CLANG_WARN_OBJC_ROOT_CLASS = YES_ERROR;
				CLANG_WARN_SUSPICIOUS_MOVE = YES;
				CLANG_WARN_UNREACHABLE_CODE = YES;
				CLANG_WARN__DUPLICATE_METHOD_MATCH = YES;
				"CODE_SIGN_IDENTITY[sdk=iphoneos*]" = "iPhone Developer";
				COPY_PHASE_STRIP = NO;
				DEBUG_INFORMATION_FORMAT = dwarf;
				ENABLE_STRICT_OBJC_MSGSEND = YES;
				ENABLE_TESTABILITY = YES;
				GCC_C_LANGUAGE_STANDARD = gnu99;
				GCC_DYNAMIC_NO_PIC = NO;
				GCC_NO_COMMON_BLOCKS = YES;
				GCC_OPTIMIZATION_LEVEL = 0;
				GCC_PREPROCESSOR_DEFINITIONS = (
					"DEBUG=1",
					"$(inherited)",
				);
				GCC_WARN_64_TO_32_BIT_CONVERSION = YES;
				GCC_WARN_ABOUT_RETURN_TYPE = YES_ERROR;
				GCC_WARN_UNDECLARED_SELECTOR = YES;
				GCC_WARN_UNINITIALIZED_AUTOS = YES_AGGRESSIVE;
				GCC_WARN_UNUSED_FUNCTION = YES;
				GCC_WARN_UNUSED_VARIABLE = YES;
				IPHONEOS_DEPLOYMENT_TARGET = 10.3;
				MTL_ENABLE_DEBUG_INFO = YES;
				ONLY_ACTIVE_ARCH = YES;
				SDKROOT = iphoneos;
				SWIFT_ACTIVE_COMPILATION_CONDITIONS = DEBUG;
				SWIFT_OPTIMIZATION_LEVEL = "-Onone";
				TARGETED_DEVICE_FAMILY = "1,2";
			};
			name = Debug;
		};
		1AB1B1F81FFADF7600A7100F /* Release */ = {
			isa = XCBuildConfiguration;
			buildSettings = {
				ALWAYS_SEARCH_USER_PATHS = NO;
				CLANG_ANALYZER_NONNULL = YES;
				CLANG_ANALYZER_NUMBER_OBJECT_CONVERSION = YES_AGGRESSIVE;
				CLANG_CXX_LANGUAGE_STANDARD = "gnu++0x";
				CLANG_CXX_LIBRARY = "libc++";
				CLANG_ENABLE_MODULES = YES;
				CLANG_ENABLE_OBJC_ARC = YES;
				CLANG_WARN_BOOL_CONVERSION = YES;
				CLANG_WARN_CONSTANT_CONVERSION = YES;
				CLANG_WARN_DIRECT_OBJC_ISA_USAGE = YES_ERROR;
				CLANG_WARN_DOCUMENTATION_COMMENTS = YES;
				CLANG_WARN_EMPTY_BODY = YES;
				CLANG_WARN_ENUM_CONVERSION = YES;
				CLANG_WARN_INFINITE_RECURSION = YES;
				CLANG_WARN_INT_CONVERSION = YES;
				CLANG_WARN_OBJC_ROOT_CLASS = YES_ERROR;
				CLANG_WARN_SUSPICIOUS_MOVE = YES;
				CLANG_WARN_UNREACHABLE_CODE = YES;
				CLANG_WARN__DUPLICATE_METHOD_MATCH = YES;
				"CODE_SIGN_IDENTITY[sdk=iphoneos*]" = "iPhone Developer";
				COPY_PHASE_STRIP = NO;
				DEBUG_INFORMATION_FORMAT = "dwarf-with-dsym";
				ENABLE_NS_ASSERTIONS = NO;
				ENABLE_STRICT_OBJC_MSGSEND = YES;
				GCC_C_LANGUAGE_STANDARD = gnu99;
				GCC_NO_COMMON_BLOCKS = YES;
				GCC_WARN_64_TO_32_BIT_CONVERSION = YES;
				GCC_WARN_ABOUT_RETURN_TYPE = YES_ERROR;
				GCC_WARN_UNDECLARED_SELECTOR = YES;
				GCC_WARN_UNINITIALIZED_AUTOS = YES_AGGRESSIVE;
				GCC_WARN_UNUSED_FUNCTION = YES;
				GCC_WARN_UNUSED_VARIABLE = YES;
				IPHONEOS_DEPLOYMENT_TARGET = 10.3;
				MTL_ENABLE_DEBUG_INFO = NO;
				SDKROOT = iphoneos;
				SWIFT_OPTIMIZATION_LEVEL = "-Owholemodule";
				TARGETED_DEVICE_FAMILY = "1,2";
				VALIDATE_PRODUCT = YES;
			};
			name = Release;
		};
		1AB1B1FA1FFADF7600A7100F /* Debug */ = {
			isa = XCBuildConfiguration;
			buildSettings = {
				ASSETCATALOG_COMPILER_APPICON_NAME = AppIcon;
				INFOPLIST_FILE = "Menu Bars/Info.plist";
				LD_RUNPATH_SEARCH_PATHS = "$(inherited) @executable_path/Frameworks";
				PRODUCT_BUNDLE_IDENTIFIER = "com.chengjie.Menu-Bars";
				PRODUCT_NAME = "$(TARGET_NAME)";
				SWIFT_VERSION = 3.0;
			};
			name = Debug;
		};
		1AB1B1FB1FFADF7600A7100F /* Release */ = {
			isa = XCBuildConfiguration;
			buildSettings = {
				ASSETCATALOG_COMPILER_APPICON_NAME = AppIcon;
				INFOPLIST_FILE = "Menu Bars/Info.plist";
				LD_RUNPATH_SEARCH_PATHS = "$(inherited) @executable_path/Frameworks";
				PRODUCT_BUNDLE_IDENTIFIER = "com.chengjie.Menu-Bars";
				PRODUCT_NAME = "$(TARGET_NAME)";
				SWIFT_VERSION = 3.0;
			};
			name = Release;
		};
		1AB1B1FD1FFADF7600A7100F /* Debug */ = {
			isa = XCBuildConfiguration;
			buildSettings = {
				ALWAYS_EMBED_SWIFT_STANDARD_LIBRARIES = YES;
				BUNDLE_LOADER = "$(TEST_HOST)";
				INFOPLIST_FILE = "Menu BarsTests/Info.plist";
				LD_RUNPATH_SEARCH_PATHS = "$(inherited) @executable_path/Frameworks @loader_path/Frameworks";
				PRODUCT_BUNDLE_IDENTIFIER = "com.chengjie.Menu-BarsTests";
				PRODUCT_NAME = "$(TARGET_NAME)";
				SWIFT_VERSION = 3.0;
				TEST_HOST = "$(BUILT_PRODUCTS_DIR)/Menu Bars.app/Menu Bars";
			};
			name = Debug;
		};
		1AB1B1FE1FFADF7600A7100F /* Release */ = {
			isa = XCBuildConfiguration;
			buildSettings = {
				ALWAYS_EMBED_SWIFT_STANDARD_LIBRARIES = YES;
				BUNDLE_LOADER = "$(TEST_HOST)";
				INFOPLIST_FILE = "Menu BarsTests/Info.plist";
				LD_RUNPATH_SEARCH_PATHS = "$(inherited) @executable_path/Frameworks @loader_path/Frameworks";
				PRODUCT_BUNDLE_IDENTIFIER = "com.chengjie.Menu-BarsTests";
				PRODUCT_NAME = "$(TARGET_NAME)";
				SWIFT_VERSION = 3.0;
				TEST_HOST = "$(BUILT_PRODUCTS_DIR)/Menu Bars.app/Menu Bars";
			};
			name = Release;
		};
		1AB1B2001FFADF7600A7100F /* Debug */ = {
			isa = XCBuildConfiguration;
			buildSettings = {
				ALWAYS_EMBED_SWIFT_STANDARD_LIBRARIES = YES;
				INFOPLIST_FILE = "Menu BarsUITests/Info.plist";
				LD_RUNPATH_SEARCH_PATHS = "$(inherited) @executable_path/Frameworks @loader_path/Frameworks";
				PRODUCT_BUNDLE_IDENTIFIER = "com.chengjie.Menu-BarsUITests";
				PRODUCT_NAME = "$(TARGET_NAME)";
				SWIFT_VERSION = 3.0;
				TEST_TARGET_NAME = "Menu Bars";
			};
			name = Debug;
		};
		1AB1B2011FFADF7600A7100F /* Release */ = {
			isa = XCBuildConfiguration;
			buildSettings = {
				ALWAYS_EMBED_SWIFT_STANDARD_LIBRARIES = YES;
				INFOPLIST_FILE = "Menu BarsUITests/Info.plist";
				LD_RUNPATH_SEARCH_PATHS = "$(inherited) @executable_path/Frameworks @loader_path/Frameworks";
				PRODUCT_BUNDLE_IDENTIFIER = "com.chengjie.Menu-BarsUITests";
				PRODUCT_NAME = "$(TARGET_NAME)";
				SWIFT_VERSION = 3.0;
				TEST_TARGET_NAME = "Menu Bars";
			};
			name = Release;
		};
/* End XCBuildConfiguration section */

/* Begin XCConfigurationList section */
		1AB1B1CC1FFADF7500A7100F /* Build configuration list for PBXProject "Menu Bars" */ = {
			isa = XCConfigurationList;
			buildConfigurations = (
				1AB1B1F71FFADF7600A7100F /* Debug */,
				1AB1B1F81FFADF7600A7100F /* Release */,
			);
			defaultConfigurationIsVisible = 0;
			defaultConfigurationName = Release;
		};
		1AB1B1F91FFADF7600A7100F /* Build configuration list for PBXNativeTarget "Menu Bars" */ = {
			isa = XCConfigurationList;
			buildConfigurations = (
				1AB1B1FA1FFADF7600A7100F /* Debug */,
				1AB1B1FB1FFADF7600A7100F /* Release */,
			);
			defaultConfigurationIsVisible = 0;
		};
		1AB1B1FC1FFADF7600A7100F /* Build configuration list for PBXNativeTarget "Menu BarsTests" */ = {
			isa = XCConfigurationList;
			buildConfigurations = (
				1AB1B1FD1FFADF7600A7100F /* Debug */,
				1AB1B1FE1FFADF7600A7100F /* Release */,
			);
			defaultConfigurationIsVisible = 0;
		};
		1AB1B1FF1FFADF7600A7100F /* Build configuration list for PBXNativeTarget "Menu BarsUITests" */ = {
			isa = XCConfigurationList;
			buildConfigurations = (
				1AB1B2001FFADF7600A7100F /* Debug */,
				1AB1B2011FFADF7600A7100F /* Release */,
			);
			defaultConfigurationIsVisible = 0;
		};
/* End XCConfigurationList section */
	};
	rootObject = 1AB1B1C91FFADF7500A7100F /* Project object */;
}
